// !$*UTF8*$!
{
	archiveVersion = 1;
	classes = {
	};
	objectVersion = 56;
	objects = {

/* Begin PBXBuildFile section */
		A03B692E2A1BD70F003123ED /* PokemonAppApp.swift in Sources */ = {isa = PBXBuildFile; fileRef = A03B692D2A1BD70F003123ED /* PokemonAppApp.swift */; };
		A03B69322A1BD710003123ED /* Assets.xcassets in Resources */ = {isa = PBXBuildFile; fileRef = A03B69312A1BD710003123ED /* Assets.xcassets */; };
		A03B69352A1BD710003123ED /* Preview Assets.xcassets in Resources */ = {isa = PBXBuildFile; fileRef = A03B69342A1BD710003123ED /* Preview Assets.xcassets */; };
		A03B69522A1BEBCB003123ED /* Pokemon.swift in Sources */ = {isa = PBXBuildFile; fileRef = A03B69512A1BEBCB003123ED /* Pokemon.swift */; };
		A03B69542A1BED19003123ED /* PokemonService.swift in Sources */ = {isa = PBXBuildFile; fileRef = A03B69532A1BED19003123ED /* PokemonService.swift */; };
		A03B69562A1BF1D7003123ED /* PokemonListView.swift in Sources */ = {isa = PBXBuildFile; fileRef = A03B69552A1BF1D7003123ED /* PokemonListView.swift */; };
		A03B69592A1BF5A6003123ED /* Pagination.swift in Sources */ = {isa = PBXBuildFile; fileRef = A03B69582A1BF5A6003123ED /* Pagination.swift */; };
		A03B695B2A1BFB43003123ED /* PokemonListViewModel.swift in Sources */ = {isa = PBXBuildFile; fileRef = A03B695A2A1BFB43003123ED /* PokemonListViewModel.swift */; };
		A080F85F2A1E78CA008F294A /* PokemonDetailView.swift in Sources */ = {isa = PBXBuildFile; fileRef = A080F85E2A1E78CA008F294A /* PokemonDetailView.swift */; };
		A080F88E2A1E9C7E008F294A /* PokemonDetailViewModel.swift in Sources */ = {isa = PBXBuildFile; fileRef = A080F88D2A1E9C7E008F294A /* PokemonDetailViewModel.swift */; };
		A0DBEE372A1FFA4A00B3DE6E /* PokemonManagerViewModel.swift in Sources */ = {isa = PBXBuildFile; fileRef = A0DBEE362A1FFA4A00B3DE6E /* PokemonManagerViewModel.swift */; };
		A0DBEE392A1FFCA400B3DE6E /* PokemonCellView.swift in Sources */ = {isa = PBXBuildFile; fileRef = A0DBEE382A1FFCA400B3DE6E /* PokemonCellView.swift */; };
		A0DBEE3E2A2005D700B3DE6E /* HomeAppViewModel.swift in Sources */ = {isa = PBXBuildFile; fileRef = A0DBEE3D2A2005D700B3DE6E /* HomeAppViewModel.swift */; };
		A0DBEE402A2005E300B3DE6E /* HomeAppView.swift in Sources */ = {isa = PBXBuildFile; fileRef = A0DBEE3F2A2005E300B3DE6E /* HomeAppView.swift */; };
/* End PBXBuildFile section */

/* Begin PBXFileReference section */
		A03B692A2A1BD70F003123ED /* PokemonApp.app */ = {isa = PBXFileReference; explicitFileType = wrapper.application; includeInIndex = 0; path = PokemonApp.app; sourceTree = BUILT_PRODUCTS_DIR; };
		A03B692D2A1BD70F003123ED /* PokemonAppApp.swift */ = {isa = PBXFileReference; lastKnownFileType = sourcecode.swift; path = PokemonAppApp.swift; sourceTree = "<group>"; };
		A03B69312A1BD710003123ED /* Assets.xcassets */ = {isa = PBXFileReference; lastKnownFileType = folder.assetcatalog; path = Assets.xcassets; sourceTree = "<group>"; };
		A03B69342A1BD710003123ED /* Preview Assets.xcassets */ = {isa = PBXFileReference; lastKnownFileType = folder.assetcatalog; path = "Preview Assets.xcassets"; sourceTree = "<group>"; };
		A03B69512A1BEBCB003123ED /* Pokemon.swift */ = {isa = PBXFileReference; lastKnownFileType = sourcecode.swift; path = Pokemon.swift; sourceTree = "<group>"; };
		A03B69532A1BED19003123ED /* PokemonService.swift */ = {isa = PBXFileReference; lastKnownFileType = sourcecode.swift; path = PokemonService.swift; sourceTree = "<group>"; };
		A03B69552A1BF1D7003123ED /* PokemonListView.swift */ = {isa = PBXFileReference; lastKnownFileType = sourcecode.swift; path = PokemonListView.swift; sourceTree = "<group>"; };
		A03B69582A1BF5A6003123ED /* Pagination.swift */ = {isa = PBXFileReference; lastKnownFileType = sourcecode.swift; path = Pagination.swift; sourceTree = "<group>"; };
		A03B695A2A1BFB43003123ED /* PokemonListViewModel.swift */ = {isa = PBXFileReference; lastKnownFileType = sourcecode.swift; path = PokemonListViewModel.swift; sourceTree = "<group>"; };
		A080F85E2A1E78CA008F294A /* PokemonDetailView.swift */ = {isa = PBXFileReference; lastKnownFileType = sourcecode.swift; path = PokemonDetailView.swift; sourceTree = "<group>"; };
		A080F88D2A1E9C7E008F294A /* PokemonDetailViewModel.swift */ = {isa = PBXFileReference; lastKnownFileType = sourcecode.swift; path = PokemonDetailViewModel.swift; sourceTree = "<group>"; };
		A0DBEE362A1FFA4A00B3DE6E /* PokemonManagerViewModel.swift */ = {isa = PBXFileReference; lastKnownFileType = sourcecode.swift; path = PokemonManagerViewModel.swift; sourceTree = "<group>"; };
		A0DBEE382A1FFCA400B3DE6E /* PokemonCellView.swift */ = {isa = PBXFileReference; lastKnownFileType = sourcecode.swift; path = PokemonCellView.swift; sourceTree = "<group>"; };
		A0DBEE3D2A2005D700B3DE6E /* HomeAppViewModel.swift */ = {isa = PBXFileReference; lastKnownFileType = sourcecode.swift; path = HomeAppViewModel.swift; sourceTree = "<group>"; };
		A0DBEE3F2A2005E300B3DE6E /* HomeAppView.swift */ = {isa = PBXFileReference; lastKnownFileType = sourcecode.swift; path = HomeAppView.swift; sourceTree = "<group>"; };
/* End PBXFileReference section */

/* Begin PBXFrameworksBuildPhase section */
		A03B69272A1BD70F003123ED /* Frameworks */ = {
			isa = PBXFrameworksBuildPhase;
			buildActionMask = 2147483647;
			files = (
			);
			runOnlyForDeploymentPostprocessing = 0;
		};
/* End PBXFrameworksBuildPhase section */

/* Begin PBXGroup section */
		A03B69212A1BD70F003123ED = {
			isa = PBXGroup;
			children = (
				A03B692C2A1BD70F003123ED /* PokemonApp */,
				A03B692B2A1BD70F003123ED /* Products */,
			);
			sourceTree = "<group>";
		};
		A03B692B2A1BD70F003123ED /* Products */ = {
			isa = PBXGroup;
			children = (
				A03B692A2A1BD70F003123ED /* PokemonApp.app */,
			);
			name = Products;
			sourceTree = "<group>";
		};
		A03B692C2A1BD70F003123ED /* PokemonApp */ = {
			isa = PBXGroup;
			children = (
				A03B69572A1BF24A003123ED /* AppDelegate */,
				A03B69502A1BEAD1003123ED /* Model */,
				A03B694F2A1BEACB003123ED /* Components */,
				A03B694E2A1BEABF003123ED /* Network */,
				A03B694B2A1BEA96003123ED /* PokemonDetail */,
				A03B69482A1BEA6A003123ED /* PokemonList */,
				A0DBEE3A2A20058D00B3DE6E /* HomeApp */,
				A03B69312A1BD710003123ED /* Assets.xcassets */,
				A03B69332A1BD710003123ED /* Preview Content */,
			);
			path = PokemonApp;
			sourceTree = "<group>";
		};
		A03B69332A1BD710003123ED /* Preview Content */ = {
			isa = PBXGroup;
			children = (
				A03B69342A1BD710003123ED /* Preview Assets.xcassets */,
			);
			path = "Preview Content";
			sourceTree = "<group>";
		};
		A03B69482A1BEA6A003123ED /* PokemonList */ = {
			isa = PBXGroup;
			children = (
				A03B694A2A1BEA8B003123ED /* ViewModel */,
				A03B69492A1BEA84003123ED /* View */,
			);
			path = PokemonList;
			sourceTree = "<group>";
		};
		A03B69492A1BEA84003123ED /* View */ = {
			isa = PBXGroup;
			children = (
				A03B69552A1BF1D7003123ED /* PokemonListView.swift */,
				A0DBEE382A1FFCA400B3DE6E /* PokemonCellView.swift */,
			);
			path = View;
			sourceTree = "<group>";
		};
		A03B694A2A1BEA8B003123ED /* ViewModel */ = {
			isa = PBXGroup;
			children = (
				A03B695A2A1BFB43003123ED /* PokemonListViewModel.swift */,
				A0DBEE362A1FFA4A00B3DE6E /* PokemonManagerViewModel.swift */,
			);
			path = ViewModel;
			sourceTree = "<group>";
		};
		A03B694B2A1BEA96003123ED /* PokemonDetail */ = {
			isa = PBXGroup;
			children = (
				A03B694D2A1BEAAE003123ED /* View */,
				A03B694C2A1BEA9D003123ED /* ViewModel */,
			);
			path = PokemonDetail;
			sourceTree = "<group>";
		};
		A03B694C2A1BEA9D003123ED /* ViewModel */ = {
			isa = PBXGroup;
			children = (
				A080F88D2A1E9C7E008F294A /* PokemonDetailViewModel.swift */,
			);
			path = ViewModel;
			sourceTree = "<group>";
		};
		A03B694D2A1BEAAE003123ED /* View */ = {
			isa = PBXGroup;
			children = (
				A080F85E2A1E78CA008F294A /* PokemonDetailView.swift */,
			);
			path = View;
			sourceTree = "<group>";
		};
		A03B694E2A1BEABF003123ED /* Network */ = {
			isa = PBXGroup;
			children = (
				A03B69532A1BED19003123ED /* PokemonService.swift */,
			);
			path = Network;
			sourceTree = "<group>";
		};
		A03B694F2A1BEACB003123ED /* Components */ = {
			isa = PBXGroup;
			children = (
			);
			path = Components;
			sourceTree = "<group>";
		};
		A03B69502A1BEAD1003123ED /* Model */ = {
			isa = PBXGroup;
			children = (
				A03B69512A1BEBCB003123ED /* Pokemon.swift */,
				A03B69582A1BF5A6003123ED /* Pagination.swift */,
			);
			path = Model;
			sourceTree = "<group>";
		};
		A03B69572A1BF24A003123ED /* AppDelegate */ = {
			isa = PBXGroup;
			children = (
				A03B692D2A1BD70F003123ED /* PokemonAppApp.swift */,
			);
			path = AppDelegate;
			sourceTree = "<group>";
		};
		A0DBEE3A2A20058D00B3DE6E /* HomeApp */ = {
			isa = PBXGroup;
			children = (
				A0DBEE3C2A2005BC00B3DE6E /* ViewModel */,
				A0DBEE3B2A2005B100B3DE6E /* View */,
			);
			path = HomeApp;
			sourceTree = "<group>";
		};
		A0DBEE3B2A2005B100B3DE6E /* View */ = {
			isa = PBXGroup;
			children = (
				A0DBEE3F2A2005E300B3DE6E /* HomeAppView.swift */,
			);
			path = View;
			sourceTree = "<group>";
		};
		A0DBEE3C2A2005BC00B3DE6E /* ViewModel */ = {
			isa = PBXGroup;
			children = (
				A0DBEE3D2A2005D700B3DE6E /* HomeAppViewModel.swift */,
			);
			path = ViewModel;
			sourceTree = "<group>";
		};
/* End PBXGroup section */

/* Begin PBXNativeTarget section */
		A03B69292A1BD70F003123ED /* PokemonApp */ = {
			isa = PBXNativeTarget;
			buildConfigurationList = A03B69382A1BD710003123ED /* Build configuration list for PBXNativeTarget "PokemonApp" */;
			buildPhases = (
				A03B69262A1BD70F003123ED /* Sources */,
				A03B69272A1BD70F003123ED /* Frameworks */,
				A03B69282A1BD70F003123ED /* Resources */,
			);
			buildRules = (
			);
			dependencies = (
			);
			name = PokemonApp;
			productName = PokemonApp;
			productReference = A03B692A2A1BD70F003123ED /* PokemonApp.app */;
			productType = "com.apple.product-type.application";
		};
/* End PBXNativeTarget section */

/* Begin PBXProject section */
		A03B69222A1BD70F003123ED /* Project object */ = {
			isa = PBXProject;
			attributes = {
				BuildIndependentTargetsInParallel = 1;
				LastSwiftUpdateCheck = 1430;
				LastUpgradeCheck = 1430;
				TargetAttributes = {
					A03B69292A1BD70F003123ED = {
						CreatedOnToolsVersion = 14.3;
					};
				};
			};
			buildConfigurationList = A03B69252A1BD70F003123ED /* Build configuration list for PBXProject "PokemonApp" */;
			compatibilityVersion = "Xcode 14.0";
			developmentRegion = en;
			hasScannedForEncodings = 0;
			knownRegions = (
				en,
				Base,
			);
			mainGroup = A03B69212A1BD70F003123ED;
			productRefGroup = A03B692B2A1BD70F003123ED /* Products */;
			projectDirPath = "";
			projectRoot = "";
			targets = (
				A03B69292A1BD70F003123ED /* PokemonApp */,
			);
		};
/* End PBXProject section */

/* Begin PBXResourcesBuildPhase section */
		A03B69282A1BD70F003123ED /* Resources */ = {
			isa = PBXResourcesBuildPhase;
			buildActionMask = 2147483647;
			files = (
				A03B69352A1BD710003123ED /* Preview Assets.xcassets in Resources */,
				A03B69322A1BD710003123ED /* Assets.xcassets in Resources */,
			);
			runOnlyForDeploymentPostprocessing = 0;
		};
/* End PBXResourcesBuildPhase section */

/* Begin PBXSourcesBuildPhase section */
		A03B69262A1BD70F003123ED /* Sources */ = {
			isa = PBXSourcesBuildPhase;
			buildActionMask = 2147483647;
			files = (
				A03B69562A1BF1D7003123ED /* PokemonListView.swift in Sources */,
				A03B69542A1BED19003123ED /* PokemonService.swift in Sources */,
				A03B69592A1BF5A6003123ED /* Pagination.swift in Sources */,
				A0DBEE372A1FFA4A00B3DE6E /* PokemonManagerViewModel.swift in Sources */,
				A03B692E2A1BD70F003123ED /* PokemonAppApp.swift in Sources */,
				A0DBEE402A2005E300B3DE6E /* HomeAppView.swift in Sources */,
				A03B695B2A1BFB43003123ED /* PokemonListViewModel.swift in Sources */,
				A0DBEE392A1FFCA400B3DE6E /* PokemonCellView.swift in Sources */,
				A080F85F2A1E78CA008F294A /* PokemonDetailView.swift in Sources */,
				A03B69522A1BEBCB003123ED /* Pokemon.swift in Sources */,
				A080F88E2A1E9C7E008F294A /* PokemonDetailViewModel.swift in Sources */,
				A0DBEE3E2A2005D700B3DE6E /* HomeAppViewModel.swift in Sources */,
			);
			runOnlyForDeploymentPostprocessing = 0;
		};
/* End PBXSourcesBuildPhase section */

/* Begin XCBuildConfiguration section */
		A03B69362A1BD710003123ED /* Debug */ = {
			isa = XCBuildConfiguration;
			buildSettings = {
				ALWAYS_SEARCH_USER_PATHS = NO;
				CLANG_ANALYZER_NONNULL = YES;
				CLANG_ANALYZER_NUMBER_OBJECT_CONVERSION = YES_AGGRESSIVE;
				CLANG_CXX_LANGUAGE_STANDARD = "gnu++20";
				CLANG_ENABLE_MODULES = YES;
				CLANG_ENABLE_OBJC_ARC = YES;
				CLANG_ENABLE_OBJC_WEAK = YES;
				CLANG_WARN_BLOCK_CAPTURE_AUTORELEASING = YES;
				CLANG_WARN_BOOL_CONVERSION = YES;
				CLANG_WARN_COMMA = YES;
				CLANG_WARN_CONSTANT_CONVERSION = YES;
				CLANG_WARN_DEPRECATED_OBJC_IMPLEMENTATIONS = YES;
				CLANG_WARN_DIRECT_OBJC_ISA_USAGE = YES_ERROR;
				CLANG_WARN_DOCUMENTATION_COMMENTS = YES;
				CLANG_WARN_EMPTY_BODY = YES;
				CLANG_WARN_ENUM_CONVERSION = YES;
				CLANG_WARN_INFINITE_RECURSION = YES;
				CLANG_WARN_INT_CONVERSION = YES;
				CLANG_WARN_NON_LITERAL_NULL_CONVERSION = YES;
				CLANG_WARN_OBJC_IMPLICIT_RETAIN_SELF = YES;
				CLANG_WARN_OBJC_LITERAL_CONVERSION = YES;
				CLANG_WARN_OBJC_ROOT_CLASS = YES_ERROR;
				CLANG_WARN_QUOTED_INCLUDE_IN_FRAMEWORK_HEADER = YES;
				CLANG_WARN_RANGE_LOOP_ANALYSIS = YES;
				CLANG_WARN_STRICT_PROTOTYPES = YES;
				CLANG_WARN_SUSPICIOUS_MOVE = YES;
				CLANG_WARN_UNGUARDED_AVAILABILITY = YES_AGGRESSIVE;
				CLANG_WARN_UNREACHABLE_CODE = YES;
				CLANG_WARN__DUPLICATE_METHOD_MATCH = YES;
				COPY_PHASE_STRIP = NO;
				DEBUG_INFORMATION_FORMAT = dwarf;
				ENABLE_STRICT_OBJC_MSGSEND = YES;
				ENABLE_TESTABILITY = YES;
				GCC_C_LANGUAGE_STANDARD = gnu11;
				GCC_DYNAMIC_NO_PIC = NO;
				GCC_NO_COMMON_BLOCKS = YES;
				GCC_OPTIMIZATION_LEVEL = 0;
				GCC_PREPROCESSOR_DEFINITIONS = (
					"DEBUG=1",
					"$(inherited)",
				);
				GCC_WARN_64_TO_32_BIT_CONVERSION = YES;
				GCC_WARN_ABOUT_RETURN_TYPE = YES_ERROR;
				GCC_WARN_UNDECLARED_SELECTOR = YES;
				GCC_WARN_UNINITIALIZED_AUTOS = YES_AGGRESSIVE;
				GCC_WARN_UNUSED_FUNCTION = YES;
				GCC_WARN_UNUSED_VARIABLE = YES;
				IPHONEOS_DEPLOYMENT_TARGET = 16.4;
				MTL_ENABLE_DEBUG_INFO = INCLUDE_SOURCE;
				MTL_FAST_MATH = YES;
				ONLY_ACTIVE_ARCH = YES;
				SDKROOT = iphoneos;
				SWIFT_ACTIVE_COMPILATION_CONDITIONS = DEBUG;
				SWIFT_OPTIMIZATION_LEVEL = "-Onone";
			};
			name = Debug;
		};
		A03B69372A1BD710003123ED /* Release */ = {
			isa = XCBuildConfiguration;
			buildSettings = {
				ALWAYS_SEARCH_USER_PATHS = NO;
				CLANG_ANALYZER_NONNULL = YES;
				CLANG_ANALYZER_NUMBER_OBJECT_CONVERSION = YES_AGGRESSIVE;
				CLANG_CXX_LANGUAGE_STANDARD = "gnu++20";
				CLANG_ENABLE_MODULES = YES;
				CLANG_ENABLE_OBJC_ARC = YES;
				CLANG_ENABLE_OBJC_WEAK = YES;
				CLANG_WARN_BLOCK_CAPTURE_AUTORELEASING = YES;
				CLANG_WARN_BOOL_CONVERSION = YES;
				CLANG_WARN_COMMA = YES;
				CLANG_WARN_CONSTANT_CONVERSION = YES;
				CLANG_WARN_DEPRECATED_OBJC_IMPLEMENTATIONS = YES;
				CLANG_WARN_DIRECT_OBJC_ISA_USAGE = YES_ERROR;
				CLANG_WARN_DOCUMENTATION_COMMENTS = YES;
				CLANG_WARN_EMPTY_BODY = YES;
				CLANG_WARN_ENUM_CONVERSION = YES;
				CLANG_WARN_INFINITE_RECURSION = YES;
				CLANG_WARN_INT_CONVERSION = YES;
				CLANG_WARN_NON_LITERAL_NULL_CONVERSION = YES;
				CLANG_WARN_OBJC_IMPLICIT_RETAIN_SELF = YES;
				CLANG_WARN_OBJC_LITERAL_CONVERSION = YES;
				CLANG_WARN_OBJC_ROOT_CLASS = YES_ERROR;
				CLANG_WARN_QUOTED_INCLUDE_IN_FRAMEWORK_HEADER = YES;
				CLANG_WARN_RANGE_LOOP_ANALYSIS = YES;
				CLANG_WARN_STRICT_PROTOTYPES = YES;
				CLANG_WARN_SUSPICIOUS_MOVE = YES;
				CLANG_WARN_UNGUARDED_AVAILABILITY = YES_AGGRESSIVE;
				CLANG_WARN_UNREACHABLE_CODE = YES;
				CLANG_WARN__DUPLICATE_METHOD_MATCH = YES;
				COPY_PHASE_STRIP = NO;
				DEBUG_INFORMATION_FORMAT = "dwarf-with-dsym";
				ENABLE_NS_ASSERTIONS = NO;
				ENABLE_STRICT_OBJC_MSGSEND = YES;
				GCC_C_LANGUAGE_STANDARD = gnu11;
				GCC_NO_COMMON_BLOCKS = YES;
				GCC_WARN_64_TO_32_BIT_CONVERSION = YES;
				GCC_WARN_ABOUT_RETURN_TYPE = YES_ERROR;
				GCC_WARN_UNDECLARED_SELECTOR = YES;
				GCC_WARN_UNINITIALIZED_AUTOS = YES_AGGRESSIVE;
				GCC_WARN_UNUSED_FUNCTION = YES;
				GCC_WARN_UNUSED_VARIABLE = YES;
				IPHONEOS_DEPLOYMENT_TARGET = 16.4;
				MTL_ENABLE_DEBUG_INFO = NO;
				MTL_FAST_MATH = YES;
				SDKROOT = iphoneos;
				SWIFT_COMPILATION_MODE = wholemodule;
				SWIFT_OPTIMIZATION_LEVEL = "-O";
				VALIDATE_PRODUCT = YES;
			};
			name = Release;
		};
		A03B69392A1BD710003123ED /* Debug */ = {
			isa = XCBuildConfiguration;
			buildSettings = {
				ASSETCATALOG_COMPILER_APPICON_NAME = AppIcon;
				ASSETCATALOG_COMPILER_GLOBAL_ACCENT_COLOR_NAME = AccentColor;
				CODE_SIGN_STYLE = Automatic;
				CURRENT_PROJECT_VERSION = 1;
				DEVELOPMENT_ASSET_PATHS = "\"PokemonApp/Preview Content\"";
				DEVELOPMENT_TEAM = M8548U92CV;
				ENABLE_PREVIEWS = YES;
				GENERATE_INFOPLIST_FILE = YES;
				INFOPLIST_KEY_UIApplicationSceneManifest_Generation = YES;
				INFOPLIST_KEY_UIApplicationSupportsIndirectInputEvents = YES;
				INFOPLIST_KEY_UILaunchScreen_Generation = YES;
				INFOPLIST_KEY_UISupportedInterfaceOrientations_iPad = "UIInterfaceOrientationPortrait UIInterfaceOrientationPortraitUpsideDown UIInterfaceOrientationLandscapeLeft UIInterfaceOrientationLandscapeRight";
				INFOPLIST_KEY_UISupportedInterfaceOrientations_iPhone = "UIInterfaceOrientationPortrait UIInterfaceOrientationLandscapeLeft UIInterfaceOrientationLandscapeRight";
				LD_RUNPATH_SEARCH_PATHS = (
					"$(inherited)",
					"@executable_path/Frameworks",
				);
				MARKETING_VERSION = 1.0;
				PRODUCT_BUNDLE_IDENTIFIER = com.LucasReal.PokemonApp;
				PRODUCT_NAME = "$(TARGET_NAME)";
				SWIFT_EMIT_LOC_STRINGS = YES;
				SWIFT_VERSION = 5.0;
				TARGETED_DEVICE_FAMILY = "1,2";
			};
			name = Debug;
		};
		A03B693A2A1BD710003123ED /* Release */ = {
			isa = XCBuildConfiguration;
			buildSettings = {
				ASSETCATALOG_COMPILER_APPICON_NAME = AppIcon;
				ASSETCATALOG_COMPILER_GLOBAL_ACCENT_COLOR_NAME = AccentColor;
				CODE_SIGN_STYLE = Automatic;
				CURRENT_PROJECT_VERSION = 1;
				DEVELOPMENT_ASSET_PATHS = "\"PokemonApp/Preview Content\"";
				DEVELOPMENT_TEAM = M8548U92CV;
				ENABLE_PREVIEWS = YES;
				GENERATE_INFOPLIST_FILE = YES;
				INFOPLIST_KEY_UIApplicationSceneManifest_Generation = YES;
				INFOPLIST_KEY_UIApplicationSupportsIndirectInputEvents = YES;
				INFOPLIST_KEY_UILaunchScreen_Generation = YES;
				INFOPLIST_KEY_UISupportedInterfaceOrientations_iPad = "UIInterfaceOrientationPortrait UIInterfaceOrientationPortraitUpsideDown UIInterfaceOrientationLandscapeLeft UIInterfaceOrientationLandscapeRight";
				INFOPLIST_KEY_UISupportedInterfaceOrientations_iPhone = "UIInterfaceOrientationPortrait UIInterfaceOrientationLandscapeLeft UIInterfaceOrientationLandscapeRight";
				LD_RUNPATH_SEARCH_PATHS = (
					"$(inherited)",
					"@executable_path/Frameworks",
				);
				MARKETING_VERSION = 1.0;
				PRODUCT_BUNDLE_IDENTIFIER = com.LucasReal.PokemonApp;
				PRODUCT_NAME = "$(TARGET_NAME)";
				SWIFT_EMIT_LOC_STRINGS = YES;
				SWIFT_VERSION = 5.0;
				TARGETED_DEVICE_FAMILY = "1,2";
			};
			name = Release;
		};
/* End XCBuildConfiguration section */

/* Begin XCConfigurationList section */
		A03B69252A1BD70F003123ED /* Build configuration list for PBXProject "PokemonApp" */ = {
			isa = XCConfigurationList;
			buildConfigurations = (
				A03B69362A1BD710003123ED /* Debug */,
				A03B69372A1BD710003123ED /* Release */,
			);
			defaultConfigurationIsVisible = 0;
			defaultConfigurationName = Release;
		};
		A03B69382A1BD710003123ED /* Build configuration list for PBXNativeTarget "PokemonApp" */ = {
			isa = XCConfigurationList;
			buildConfigurations = (
				A03B69392A1BD710003123ED /* Debug */,
				A03B693A2A1BD710003123ED /* Release */,
			);
			defaultConfigurationIsVisible = 0;
			defaultConfigurationName = Release;
		};
/* End XCConfigurationList section */
	};
	rootObject = A03B69222A1BD70F003123ED /* Project object */;
}
